{
  "sources": {
    "build-essential": {
      "locked_version": "1.4.2"
    },
    "apt": {
      "locked_version": "2.3.9",
      "git": "git://github.com/opscode-cookbooks/apt.git",
      "ref": "8ef28bceaa6a9eded47e640d26df4a6f3a80320c"
    },
    "database": {
      "locked_version": "2.0.0"
    },
    "mysql": {
      "locked_version": "4.0.18"
    },
    "postgresql": {
      "locked_version": "3.3.4",
      "git": "git://github.com/opscode-cookbooks/postgresql.git",
      "ref": "5800238828b443725442fe510ec4f5308ed9ce8b"
    },
    "redis": {
      "locked_version": "0.0.4",
      "git": "git://github.com/sendgridlabs/chef-redis.git",
      "ref": "d1b6aed774bd9f790fc34dad1c72b157fbd7e1f5"
    },
    "memcached": {
      "locked_version": "1.7.0"
    },
    "rvm": {
      "locked_version": "0.9.1",
      "git": "git://github.com/fnichol/chef-rvm.git",
      "ref": "87f58d428c160337c1581ed1130a1a53d94e5126"
    },
    "aws": {
      "locked_version": "1.0.0"
    },
    "xfs": {
      "locked_version": "1.1.0"
    },
    "openssl": {
      "locked_version": "1.1.0"
    },
    "runit": {
      "locked_version": "1.5.8"
    },
    "yum": {
      "locked_version": "3.0.4"
    },
    "yum-epel": {
      "locked_version": "0.2.0"
    },
    "java": {
      "locked_version": "1.18.0"
    },
    "chef_gem": {
      "locked_version": "0.1.0"
    }
  }
}
