DEPENDENCIES
  apt
    git: git://github.com/opscode-cookbooks/apt.git
    revision: b40c122e82edbc998f95a2fefd88c619af441b86
  build-essential
  database
  memcached
  mysql
  postgresql
    git: git://github.com/opscode-cookbooks/postgresql.git
    revision: bfd310f37dd39d3f8b522e896e17360c2fd66ab7
  redis
    git: git://github.com/sendgridlabs/chef-redis.git
    revision: d1b6aed774bd9f790fc34dad1c72b157fbd7e1f5
  rvm
    git: git://github.com/fnichol/chef-rvm.git
    revision: 3d1c3dda01d5dee02a99d53783f2f11d5a0f195d

GRAPH
  apt (2.6.0)
  aws (2.4.0)
  build-essential (2.0.6)
  chef-sugar (2.2.0)
  chef_gem (0.1.0)
  database (2.3.0)
    aws (>= 0.0.0)
    mysql (>= 5.0.0)
    mysql-chef_gem (>= 0.0.0)
    postgresql (>= 1.0.0)
    xfs (>= 0.0.0)
  java (1.28.0)
  memcached (1.7.2)
    runit (~> 1.0)
    yum (~> 3.0)
    yum-epel (>= 0.0.0)
  mysql (5.5.2)
    yum-mysql-community (>= 0.0.0)
  mysql-chef_gem (0.0.4)
    build-essential (>= 0.0.0)
    mysql (>= 0.0.0)
  openssl (2.0.0)
    chef-sugar (>= 0.0.0)
  postgresql (3.4.4)
    apt (>= 1.9.0)
    build-essential (>= 0.0.0)
    openssl (>= 0.0.0)
  redis (0.0.4)
  runit (1.5.10)
    build-essential (>= 0.0.0)
    yum (~> 3.0)
    yum-epel (>= 0.0.0)
  rvm (0.9.3)
    chef_gem (>= 0.0.0)
    java (>= 0.0.0)
  xfs (1.1.0)
  yum (3.3.2)
  yum-epel (0.5.1)
    yum (~> 3.0)
  yum-mysql-community (0.1.10)
    yum (>= 3.0)
